
Microsoft Visual Studio Solution File, Format Version 12.00
# Visual Studio Version 17
VisualStudioVersion = 17.5.002.0
MinimumVisualStudioVersion = 10.0.40219.1
Project("{2150E333-8FDC-42A3-9474-1A3956D46DE8}") = "Week-1", "Week-1", "{731A2569-A795-4E98-8361-500DC8C8010F}"
EndProject
Project("{2150E333-8FDC-42A3-9474-1A3956D46DE8}") = "Day-3-Wednesday", "Day-3-Wednesday", "{6A5ABB7B-7442-4DBA-B781-DA0B93CAAA6B}"
EndProject
Project("{9A19103F-16F7-4668-BE54-9A1E7A4F7556}") = "csharp", "Week-1\Day-3-Wednesday\csharp\csharp.csproj", "{AF641E6E-19E5-498A-99A2-484D7E2D56B1}"
EndProject
Global
	GlobalSection(SolutionConfigurationPlatforms) = preSolution
		Debug|Any CPU = Debug|Any CPU
		Release|Any CPU = Release|Any CPU
	EndGlobalSection
	GlobalSection(ProjectConfigurationPlatforms) = postSolution
		{AF641E6E-19E5-498A-99A2-484D7E2D56B1}.Debug|Any CPU.ActiveCfg = Debug|Any CPU
		{AF641E6E-19E5-498A-99A2-484D7E2D56B1}.Debug|Any CPU.Build.0 = Debug|Any CPU
		{AF641E6E-19E5-498A-99A2-484D7E2D56B1}.Release|Any CPU.ActiveCfg = Release|Any CPU
		{AF641E6E-19E5-498A-99A2-484D7E2D56B1}.Release|Any CPU.Build.0 = Release|Any CPU
	EndGlobalSection
	GlobalSection(SolutionProperties) = preSolution
		HideSolutionNode = FALSE
	EndGlobalSection
	GlobalSection(NestedProjects) = preSolution
		{6A5ABB7B-7442-4DBA-B781-DA0B93CAAA6B} = {731A2569-A795-4E98-8361-500DC8C8010F}
		{AF641E6E-19E5-498A-99A2-484D7E2D56B1} = {6A5ABB7B-7442-4DBA-B781-DA0B93CAAA6B}
	EndGlobalSection
	GlobalSection(ExtensibilityGlobals) = postSolution
		SolutionGuid = {A7D5A2FC-2BA4-4763-9567-9D931C756A3C}
	EndGlobalSection
EndGlobal
