
Microsoft Visual Studio Solution File, Format Version 12.00
# Visual Studio Version 17
VisualStudioVersion = 17.5.002.0
MinimumVisualStudioVersion = 10.0.40219.1
Project("{2150E333-8FDC-42A3-9474-1A3956D46DE8}") = "Week-1-Day-3", "Week-1-Day-3", "{3833CE87-7421-4C85-B74D-21347FB3273C}"
EndProject
Project("{9A19103F-16F7-4668-BE54-9A1E7A4F7556}") = "csharp", "Week-1-Day-3\csharp\csharp.csproj", "{B556B99B-9F79-471C-918C-010383B13D9C}"
EndProject
Global
	GlobalSection(SolutionConfigurationPlatforms) = preSolution
		Debug|Any CPU = Debug|Any CPU
		Release|Any CPU = Release|Any CPU
	EndGlobalSection
	GlobalSection(ProjectConfigurationPlatforms) = postSolution
		{B556B99B-9F79-471C-918C-010383B13D9C}.Debug|Any CPU.ActiveCfg = Debug|Any CPU
		{B556B99B-9F79-471C-918C-010383B13D9C}.Debug|Any CPU.Build.0 = Debug|Any CPU
		{B556B99B-9F79-471C-918C-010383B13D9C}.Release|Any CPU.ActiveCfg = Release|Any CPU
		{B556B99B-9F79-471C-918C-010383B13D9C}.Release|Any CPU.Build.0 = Release|Any CPU
	EndGlobalSection
	GlobalSection(SolutionProperties) = preSolution
		HideSolutionNode = FALSE
	EndGlobalSection
	GlobalSection(NestedProjects) = preSolution
		{B556B99B-9F79-471C-918C-010383B13D9C} = {3833CE87-7421-4C85-B74D-21347FB3273C}
	EndGlobalSection
	GlobalSection(ExtensibilityGlobals) = postSolution
		SolutionGuid = {942C87C2-D139-43D5-AD02-197CFD5524A1}
	EndGlobalSection
EndGlobal
